{
    "name": "ui-theme-designer-design-tokens",
    "lockfileVersion": 3,
    "requires": true,
    "packages": {
        "": {
            "dependencies": {
                "@openui5/sap.f": "^1.152.0",
                "@openui5/sap.m": "^1.152.0",
                "@openui5/sap.tnt": "^1.152.0",
                "@openui5/sap.ui.codeeditor": "^1.152.0",
                "@openui5/sap.ui.commons": "^1.149.1",
                "@openui5/sap.ui.core": "^1.152.0",
                "@openui5/sap.ui.dt": "^1.152.0",
                "@openui5/sap.ui.fl": "^1.152.0",
                "@openui5/sap.ui.integration": "^1.152.0",
                "@openui5/sap.ui.layout": "^1.152.0",
                "@openui5/sap.ui.mdc": "^1.152.0",
                "@openui5/sap.ui.rta": "^1.152.0",
                "@openui5/sap.ui.suite": "^1.152.0",
                "@openui5/sap.ui.table": "^1.152.0",
                "@openui5/sap.ui.unified": "^1.152.0",
                "@openui5/sap.ui.ux3": "^1.152.0",
                "@openui5/sap.uxap": "^1.152.0",
                "@openui5/themelib_sap_belize": "^1.152.0",
                "@openui5/themelib_sap_fiori_3": "^1.152.0",
                "@openui5/themelib_sap_horizon": "^1.152.0",
                "@sap-theming/theming-base-content": "^11.36.5",
                "@ui5/webcomponents": "^2.26.0",
                "@ui5/webcomponents-ai": "^2.26.0",
                "@ui5/webcomponents-compat": "^2.26.0",
                "@ui5/webcomponents-fiori": "^2.26.0",
                "fundamental-styles": "^0.41.8"
            }
        },
        "node_modules/@fundamental-styles/common-css": {
            "version": "0.41.8",
            "resolved": "https://registry.npmjs.org/@fundamental-styles/common-css/-/common-css-0.41.8.tgz",
            "integrity": "sha512-jj49xwxXt3HVcHA2ZpNxL1RyCX1UdkXDU8MTTNCCS7Aq7fk2JeishdFBeuxBZmSFqqs+Z9sSn2cDKQVxTtlV/w==",
            "license": "Apache-2.0",
            "peer": true,
            "dependencies": {
                "@sap-theming/theming-base-content": "^11.36.0"
            }
        },
        "node_modules/@lit-labs/ssr-dom-shim": {
            "version": "1.6.0",
            "resolved": "https://registry.npmjs.org/@lit-labs/ssr-dom-shim/-/ssr-dom-shim-1.6.0.tgz",
            "integrity": "sha512-VHb0ALPMTlgKjM6yIxxoQNnpKyUKLD04VzeQdsiXkMqkvYlAHxq9glGLmgbb889/1GsohSOAjvQYoiBppXFqrQ==",
            "license": "BSD-3-Clause"
        },
        "node_modules/@openui5/sap.f": {
            "version": "1.152.0",
            "resolved": "https://registry.npmjs.org/@openui5/sap.f/-/sap.f-1.152.0.tgz",
            "integrity": "sha512-J7uLqtgY4vBlF+ZVkIcDURMuAT/z3ge9JSGm5yL7GDs4qV2H8XuN1LKomBUIZJi0UzvSb9/sSmdPL6MVizyqfA==",
            "license": "Apache-2.0",
            "dependencies": {
                "@openui5/sap.m": "1.152.0",
                "@openui5/sap.ui.core": "1.152.0",
                "@openui5/sap.ui.layout": "1.152.0"
            }
        },
        "node_modules/@openui5/sap.m": {
            "version": "1.152.0",
            "resolved": "https://registry.npmjs.org/@openui5/sap.m/-/sap.m-1.152.0.tgz",
            "integrity": "sha512-flMhVNoU13fvJxEppUlboH6GvNIl9hPvDb/IUVWKsFBx8Bjh1gdc5QetvDqBdnt4tYpbsUiu1bKNZKTnenIAqQ==",
            "license": "Apache-2.0",
            "dependencies": {
                "@openui5/sap.ui.core": "1.152.0",
                "@openui5/sap.ui.layout": "1.152.0",
                "@openui5/sap.ui.unified": "1.152.0"
            }
        },
        "node_modules/@openui5/sap.tnt": {
            "version": "1.152.0",
            "resolved": "https://registry.npmjs.org/@openui5/sap.tnt/-/sap.tnt-1.152.0.tgz",
            "integrity": "sha512-vGeO9bNlRQO7aM6dQY0TRpNsbX+abh+AX7DLdzJZZ7ZNCha8b2eA42Xv1avqOM1jghfKe83AJ+dGDQ9p1AG09A==",
            "license": "Apache-2.0",
            "dependencies": {
                "@openui5/sap.m": "1.152.0",
                "@openui5/sap.ui.core": "1.152.0"
            }
        },
        "node_modules/@openui5/sap.ui.codeeditor": {
            "version": "1.152.0",
            "resolved": "https://registry.npmjs.org/@openui5/sap.ui.codeeditor/-/sap.ui.codeeditor-1.152.0.tgz",
            "integrity": "sha512-SZ+++6DIMltcYW1xhnSuYwEZtthIG4FjxLh+QWVC1UcfRfe//N1jTfJkK7GvR1Gs5QPe8Tzl5zbbknn+8bMiFQ==",
            "license": "Apache-2.0",
            "dependencies": {
                "@openui5/sap.ui.core": "1.152.0"
            }
        },
        "node_modules/@openui5/sap.ui.commons": {
            "version": "1.152.0",
            "resolved": "https://registry.npmjs.org/@openui5/sap.ui.commons/-/sap.ui.commons-1.152.0.tgz",
            "integrity": "sha512-jtDxOuKbIpGmmHw8VaZDT2I9s/3VC/r4Y1pPZVWTLTpKT/HpUF34EmJhKNjr4NW91mWtuHHr53WsOrqFcwp2tg==",
            "license": "Apache-2.0",
            "dependencies": {
                "@openui5/sap.ui.core": "1.152.0",
                "@openui5/sap.ui.layout": "1.152.0",
                "@openui5/sap.ui.unified": "1.152.0"
            }
        },
        "node_modules/@openui5/sap.ui.core": {
            "version": "1.152.0",
            "resolved": "https://registry.npmjs.org/@openui5/sap.ui.core/-/sap.ui.core-1.152.0.tgz",
            "integrity": "sha512-1fuV5l/GQAlBHsniGrEzlAB8xrqfAUEAV3GyiRuAywZwH8AWd1zj2jv9wI0RjZgAEn63nlLH/6mdLjLdt6sxMg==",
            "license": "Apache-2.0"
        },
        "node_modules/@openui5/sap.ui.dt": {
            "version": "1.152.0",
            "resolved": "https://registry.npmjs.org/@openui5/sap.ui.dt/-/sap.ui.dt-1.152.0.tgz",
            "integrity": "sha512-TerIPPDbbUV/mrjqfJncDT2QILY2jPpNOSsFgMuZMv/oJtpDs9yKQo/ljOyTsBvCJ+h9xsNT4XQM5TW1an0IYQ==",
            "license": "Apache-2.0",
            "dependencies": {
                "@openui5/sap.ui.core": "1.152.0"
            }
        },
        "node_modules/@openui5/sap.ui.fl": {
            "version": "1.152.0",
            "resolved": "https://registry.npmjs.org/@openui5/sap.ui.fl/-/sap.ui.fl-1.152.0.tgz",
            "integrity": "sha512-s10TTDqAXUPmxekWQT+48Z6KH04RnxX6R6fywPBD/N26/Q6xyeavP+UuJ1tXhmpN17FE7VsNbm/EYD9k/X+Aqg==",
            "license": "Apache-2.0",
            "dependencies": {
                "@openui5/sap.m": "1.152.0",
                "@openui5/sap.ui.core": "1.152.0"
            }
        },
        "node_modules/@openui5/sap.ui.integration": {
            "version": "1.152.0",
            "resolved": "https://registry.npmjs.org/@openui5/sap.ui.integration/-/sap.ui.integration-1.152.0.tgz",
            "integrity": "sha512-hOz8q4E9CWxOYSXAo+Ps69009+RAFBClnd/0Pv4uWH7Zl/ETiQTyeIm3jrX3O1Bt7zASIS2z0p5K6CmgkUplOA==",
            "license": "Apache-2.0",
            "dependencies": {
                "@openui5/sap.f": "1.152.0",
                "@openui5/sap.m": "1.152.0",
                "@openui5/sap.ui.core": "1.152.0",
                "@openui5/sap.ui.layout": "1.152.0",
                "@openui5/sap.ui.unified": "1.152.0"
            }
        },
        "node_modules/@openui5/sap.ui.layout": {
            "version": "1.152.0",
            "resolved": "https://registry.npmjs.org/@openui5/sap.ui.layout/-/sap.ui.layout-1.152.0.tgz",
            "integrity": "sha512-mSeVxAPODCSxTXbKYKS3xITVxiDmiWpdK4vkCwuZTTPWRicc3MYbUJU5ZbZbxpbwNVIvjABYM+1oKzycdxO1mg==",
            "license": "Apache-2.0",
            "dependencies": {
                "@openui5/sap.ui.core": "1.152.0"
            }
        },
        "node_modules/@openui5/sap.ui.mdc": {
            "version": "1.152.0",
            "resolved": "https://registry.npmjs.org/@openui5/sap.ui.mdc/-/sap.ui.mdc-1.152.0.tgz",
            "integrity": "sha512-8gn4nx5Xp07VwSQPDGWMFebZuXjVNXb3+5rWtFIslvysNWGSLnoSSNILeNpsk1+N+XfPfX8UhqzVCHD5NKQUUw==",
            "license": "Apache-2.0",
            "dependencies": {
                "@openui5/sap.m": "1.152.0",
                "@openui5/sap.ui.core": "1.152.0",
                "@openui5/sap.ui.layout": "1.152.0"
            }
        },
        "node_modules/@openui5/sap.ui.rta": {
            "version": "1.152.0",
            "resolved": "https://registry.npmjs.org/@openui5/sap.ui.rta/-/sap.ui.rta-1.152.0.tgz",
            "integrity": "sha512-TOTQ6B2uVUVwsjyl6XkUIcVrhyKi2To36gXpSa/GIzQd4Fk2QVY8lSAdqYP8IHJiXB1oBo/DDdp8h6HvesbKKA==",
            "license": "Apache-2.0",
            "dependencies": {
                "@openui5/sap.m": "1.152.0",
                "@openui5/sap.ui.core": "1.152.0",
                "@openui5/sap.ui.dt": "1.152.0",
                "@openui5/sap.ui.fl": "1.152.0",
                "@openui5/sap.ui.layout": "1.152.0"
            }
        },
        "node_modules/@openui5/sap.ui.suite": {
            "version": "1.152.0",
            "resolved": "https://registry.npmjs.org/@openui5/sap.ui.suite/-/sap.ui.suite-1.152.0.tgz",
            "integrity": "sha512-Wd/OmDzyqIY92WBuN4+3ieYoj8AXjJPY9qFCA/SlEQ/scQM9uaKb3C543WUcBRSHncMSkxfX8vXT9BHF6TH0DA==",
            "license": "Apache-2.0",
            "dependencies": {
                "@openui5/sap.ui.core": "1.152.0"
            }
        },
        "node_modules/@openui5/sap.ui.table": {
            "version": "1.152.0",
            "resolved": "https://registry.npmjs.org/@openui5/sap.ui.table/-/sap.ui.table-1.152.0.tgz",
            "integrity": "sha512-S5QOEZc5DtKu/driTJ1VRiixI7oBKwNkOui+I2v9rE6WxpBush1V+AM2Er1mAj6BlW0adCSvNfn/JHs6fVz1cQ==",
            "license": "Apache-2.0",
            "dependencies": {
                "@openui5/sap.ui.core": "1.152.0",
                "@openui5/sap.ui.unified": "1.152.0"
            }
        },
        "node_modules/@openui5/sap.ui.unified": {
            "version": "1.152.0",
            "resolved": "https://registry.npmjs.org/@openui5/sap.ui.unified/-/sap.ui.unified-1.152.0.tgz",
            "integrity": "sha512-d7AMOorJLBQQlCLho71CEAJMEIBNGcfF81kddZQLjz2/hM1sEIRdnvx5NWdCdKGHO4m0JvWHYcSHaRx88ZUStw==",
            "license": "Apache-2.0",
            "dependencies": {
                "@openui5/sap.ui.core": "1.152.0"
            }
        },
        "node_modules/@openui5/sap.ui.ux3": {
            "version": "1.152.0",
            "resolved": "https://registry.npmjs.org/@openui5/sap.ui.ux3/-/sap.ui.ux3-1.152.0.tgz",
            "integrity": "sha512-deGQhW56jskB9sQGRfumtta/Mj0oxyANME15hYWu1eMl6k+KxB0LsVE/IaTQc9nY18HBeiWEYOnHHioseJX5kw==",
            "license": "Apache-2.0",
            "dependencies": {
                "@openui5/sap.ui.commons": "1.152.0",
                "@openui5/sap.ui.core": "1.152.0",
                "@openui5/sap.ui.unified": "1.152.0"
            }
        },
        "node_modules/@openui5/sap.uxap": {
            "version": "1.152.0",
            "resolved": "https://registry.npmjs.org/@openui5/sap.uxap/-/sap.uxap-1.152.0.tgz",
            "integrity": "sha512-E0lzmDEKrzbXyMsws208KLXF8wcyR72VBVBhvXmEQpccYBZqQKY9m+7vDA3k3uHpRsY4FTm1ROzIjsY0PX99NA==",
            "license": "Apache-2.0",
            "dependencies": {
                "@openui5/sap.f": "1.152.0",
                "@openui5/sap.m": "1.152.0",
                "@openui5/sap.ui.core": "1.152.0",
                "@openui5/sap.ui.layout": "1.152.0"
            }
        },
        "node_modules/@openui5/themelib_sap_belize": {
            "version": "1.152.0",
            "resolved": "https://registry.npmjs.org/@openui5/themelib_sap_belize/-/themelib_sap_belize-1.152.0.tgz",
            "integrity": "sha512-y8PP43XaV9mG1jKGY6uXpYxaZqJk1FjM/VrxptQflCdihx/v0V3Y+w7yZJUXaM37ZcdudwfIsn9ytDXjWnnJLg==",
            "license": "Apache-2.0"
        },
        "node_modules/@openui5/themelib_sap_fiori_3": {
            "version": "1.152.0",
            "resolved": "https://registry.npmjs.org/@openui5/themelib_sap_fiori_3/-/themelib_sap_fiori_3-1.152.0.tgz",
            "integrity": "sha512-hRlFYXYF51Oyfskkr7X4w2qcJ6kG6GZvAJMoOAxr8Qre0hO1J/8Lifx9nMLFgZdcpII4gLMzKxCIbgkUbgeu6A==",
            "license": "Apache-2.0"
        },
        "node_modules/@openui5/themelib_sap_horizon": {
            "version": "1.152.0",
            "resolved": "https://registry.npmjs.org/@openui5/themelib_sap_horizon/-/themelib_sap_horizon-1.152.0.tgz",
            "integrity": "sha512-NY0HkXn4fBKp3umdDVKX+D0o1Pz90hTj0+M0ri7GCj/lnHlxuLvF3lZH5hKRT/5DDx+dq9RhBNRO84EMym67AQ==",
            "license": "Apache-2.0"
        },
        "node_modules/@sap-theming/theming-base-content": {
            "version": "11.36.5",
            "resolved": "https://registry.npmjs.org/@sap-theming/theming-base-content/-/theming-base-content-11.36.5.tgz",
            "integrity": "sha512-oYtGgAHFI8eqOSB+LH5XX2IreBDljStDavpZ+JwzBnY2K6T6TYqKLqUTHvEm+a4quUS5gcIKsP2SCimc0j48Jw==",
            "license": "Apache-2.0"
        },
        "node_modules/@types/jquery": {
            "version": "3.5.34",
            "resolved": "https://registry.npmjs.org/@types/jquery/-/jquery-3.5.34.tgz",
            "integrity": "sha512-3m3939S3erqmTLJANS/uy0B6V7BorKx7RorcGZVjZ62dF5PAGbKEDZK1CuLtKombJkFA2T1jl8LAIIs7IV6gBQ==",
            "license": "MIT",
            "dependencies": {
                "@types/sizzle": "*"
            }
        },
        "node_modules/@types/openui5": {
            "version": "1.152.0",
            "resolved": "https://registry.npmjs.org/@types/openui5/-/openui5-1.152.0.tgz",
            "integrity": "sha512-MIZ0Id1KdHrIhTKoUw48bJrRaCkNElVbOEtvjtOebpcH1mdzzYLXoSCk14n1/DGXlN73GNkeaTjuw3DSUJrpNw==",
            "license": "MIT",
            "dependencies": {
                "@types/jquery": "~3.5.13",
                "@types/qunit": "^2.5.4"
            }
        },
        "node_modules/@types/qunit": {
            "version": "2.19.14",
            "resolved": "https://registry.npmjs.org/@types/qunit/-/qunit-2.19.14.tgz",
            "integrity": "sha512-ou2RMtwyDnW1btrMnDMZeL6V5/yRRbuHKrRC6y8IuzDljjVzw6wPCVFb8p4qJD0NkUkf3BdZeJJIBzjK1BUUDQ==",
            "license": "MIT"
        },
        "node_modules/@types/sizzle": {
            "version": "2.3.10",
            "resolved": "https://registry.npmjs.org/@types/sizzle/-/sizzle-2.3.10.tgz",
            "integrity": "sha512-TC0dmN0K8YcWEAEfiPi5gJP14eJe30TTGjkvek3iM/1NdHHsdCA/Td6GvNndMOo/iSnIsZ4HuuhrYPDAmbxzww==",
            "license": "MIT"
        },
        "node_modules/@types/trusted-types": {
            "version": "2.0.7",
            "resolved": "https://registry.npmjs.org/@types/trusted-types/-/trusted-types-2.0.7.tgz",
            "integrity": "sha512-ScaPdn1dQczgbl0QFTeTOmVHFULt394XJgOQNoyVhZ6r2vLnMLJfBPd53SB52T/3G36VI1/g2MZaX0cwDuXsfw==",
            "license": "MIT"
        },
        "node_modules/@ui5/webcomponents": {
            "version": "2.26.0",
            "resolved": "https://registry.npmjs.org/@ui5/webcomponents/-/webcomponents-2.26.0.tgz",
            "integrity": "sha512-0nmyFYQmDawfQMQv77dFe7g2lOzHL57/EVZuvi/XObw4uZQ9ktZCgZl0hp8IHdfqgRCyE28SZ4J6sfWWX5D+cQ==",
            "license": "Apache-2.0",
            "dependencies": {
                "@ui5/webcomponents-base": "2.26.0",
                "@ui5/webcomponents-icons": "2.26.0",
                "@ui5/webcomponents-icons-business-suite": "2.26.0",
                "@ui5/webcomponents-icons-tnt": "2.26.0",
                "@ui5/webcomponents-localization": "2.26.0",
                "@ui5/webcomponents-theming": "2.26.0"
            }
        },
        "node_modules/@ui5/webcomponents-ai": {
            "version": "2.26.0",
            "resolved": "https://registry.npmjs.org/@ui5/webcomponents-ai/-/webcomponents-ai-2.26.0.tgz",
            "integrity": "sha512-7XWE5asWByXfhiNsZyP46v0sS8iuxzcQZnom/b3Y/2qrynSzd1aiwIbYRUKxLPrBggkGNJkhJ4/AEwp15Lc6Iw==",
            "license": "Apache-2.0",
            "dependencies": {
                "@ui5/webcomponents": "2.26.0",
                "@ui5/webcomponents-base": "2.26.0",
                "@ui5/webcomponents-icons": "2.26.0",
                "@ui5/webcomponents-theming": "2.26.0"
            }
        },
        "node_modules/@ui5/webcomponents-base": {
            "version": "2.26.0",
            "resolved": "https://registry.npmjs.org/@ui5/webcomponents-base/-/webcomponents-base-2.26.0.tgz",
            "integrity": "sha512-1hIKdd+kFRrBC/jrCcubyvXcNZB17cBKVch6XXV17nG9VMpoq/5xRpJWhSeASuVgpeBwMX68wP3TF2pRbgnjrA==",
            "license": "Apache-2.0",
            "dependencies": {
                "@lit-labs/ssr-dom-shim": "^1.1.2",
                "lit-html": "^2.0.1"
            },
            "peerDependencies": {
                "react": ">=18"
            },
            "peerDependenciesMeta": {
                "react": {
                    "optional": true
                }
            }
        },
        "node_modules/@ui5/webcomponents-compat": {
            "version": "2.26.0",
            "resolved": "https://registry.npmjs.org/@ui5/webcomponents-compat/-/webcomponents-compat-2.26.0.tgz",
            "integrity": "sha512-l5ggAJhe3cNV2GVDq9WGSkIFHGJC+q/dt8cS/Gf1ZW2NRa/eih/j/Lv/IL6dXRNppjThnEQhIM0ZYxFuiFPoug==",
            "license": "Apache-2.0",
            "dependencies": {
                "@ui5/webcomponents": "2.26.0",
                "@ui5/webcomponents-base": "2.26.0",
                "@ui5/webcomponents-icons": "2.26.0",
                "@ui5/webcomponents-theming": "2.26.0"
            }
        },
        "node_modules/@ui5/webcomponents-fiori": {
            "version": "2.26.0",
            "resolved": "https://registry.npmjs.org/@ui5/webcomponents-fiori/-/webcomponents-fiori-2.26.0.tgz",
            "integrity": "sha512-5SZxMqGZygbFBKTWsva2mr8D41dRBKmPKMUZuaudqxuTgbQL5RKpNiHisbJd6MHUIxVJdcH3H4Xg+V2kNOvIsQ==",
            "license": "Apache-2.0",
            "dependencies": {
                "@ui5/webcomponents": "2.26.0",
                "@ui5/webcomponents-base": "2.26.0",
                "@ui5/webcomponents-icons": "2.26.0",
                "@ui5/webcomponents-theming": "2.26.0",
                "@zxing/library": "^0.21.3"
            }
        },
        "node_modules/@ui5/webcomponents-icons": {
            "version": "2.26.0",
            "resolved": "https://registry.npmjs.org/@ui5/webcomponents-icons/-/webcomponents-icons-2.26.0.tgz",
            "integrity": "sha512-31jRdz1pqjJBan1Rm2TSdo8/hiyX02phr/GolFTH08l3RVHuBwfc/hnrQ6Q1bBcQQbLxOE7B5aIXm40/boSrag==",
            "license": "Apache-2.0",
            "dependencies": {
                "@ui5/webcomponents-base": "2.26.0"
            }
        },
        "node_modules/@ui5/webcomponents-icons-business-suite": {
            "version": "2.26.0",
            "resolved": "https://registry.npmjs.org/@ui5/webcomponents-icons-business-suite/-/webcomponents-icons-business-suite-2.26.0.tgz",
            "integrity": "sha512-3AvEw1J9r96nVAEKuQaK3lJCCy3w2IDU7rVY/Cizzhu+mtXKlrzC+Zrz5XxEB3EbdpjH7n5qE2RAMRvnViXcNA==",
            "license": "Apache-2.0",
            "dependencies": {
                "@ui5/webcomponents-base": "2.26.0"
            }
        },
        "node_modules/@ui5/webcomponents-icons-tnt": {
            "version": "2.26.0",
            "resolved": "https://registry.npmjs.org/@ui5/webcomponents-icons-tnt/-/webcomponents-icons-tnt-2.26.0.tgz",
            "integrity": "sha512-n695z7jCXByEU2E5FOpwbpcAxQP171Gm26OLvjLAhTarBKRKcBAGJlsKuSxjVxCqLXchKettiIdJj5U2i182Mw==",
            "license": "Apache-2.0",
            "dependencies": {
                "@ui5/webcomponents-base": "2.26.0"
            }
        },
        "node_modules/@ui5/webcomponents-localization": {
            "version": "2.26.0",
            "resolved": "https://registry.npmjs.org/@ui5/webcomponents-localization/-/webcomponents-localization-2.26.0.tgz",
            "integrity": "sha512-QIN/EBkZaq25eZ1iiPjhtgnLml+IPuMMiQrQ0WcGhmB5FBrCwxyN3tejWKw6x99uC74M+1CaYfx5cll6otbwYg==",
            "license": "Apache-2.0",
            "dependencies": {
                "@types/openui5": "^1.151.0",
                "@ui5/webcomponents-base": "2.26.0"
            }
        },
        "node_modules/@ui5/webcomponents-theming": {
            "version": "2.26.0",
            "resolved": "https://registry.npmjs.org/@ui5/webcomponents-theming/-/webcomponents-theming-2.26.0.tgz",
            "integrity": "sha512-yH+UmlB/OUYqRN4afFqBqda7jUo45hTKASgRI6RT83xACUO7rWC310smNA2T0vhguJDn40bhaY1bta6c2uMidg==",
            "license": "Apache-2.0",
            "dependencies": {
                "@sap-theming/theming-base-content": "11.36.4",
                "@ui5/webcomponents-base": "2.26.0"
            }
        },
        "node_modules/@ui5/webcomponents-theming/node_modules/@sap-theming/theming-base-content": {
            "version": "11.36.4",
            "resolved": "https://registry.npmjs.org/@sap-theming/theming-base-content/-/theming-base-content-11.36.4.tgz",
            "integrity": "sha512-LAcw9hDBTR4QUl2gxVWvErTmp1SHEV1kNhpWQXxv7hHfawY0VbXDv9AXhdy0XTua+PLSe/J1ZQX/eG76Dxd9rw==",
            "license": "Apache-2.0"
        },
        "node_modules/@zxing/library": {
            "version": "0.21.3",
            "resolved": "https://registry.npmjs.org/@zxing/library/-/library-0.21.3.tgz",
            "integrity": "sha512-hZHqFe2JyH/ZxviJZosZjV+2s6EDSY0O24R+FQmlWZBZXP9IqMo7S3nb3+2LBWxodJQkSurdQGnqE7KXqrYgow==",
            "license": "MIT",
            "dependencies": {
                "ts-custom-error": "^3.2.1"
            },
            "engines": {
                "node": ">= 10.4.0"
            },
            "optionalDependencies": {
                "@zxing/text-encoding": "~0.9.0"
            }
        },
        "node_modules/@zxing/text-encoding": {
            "version": "0.9.0",
            "resolved": "https://registry.npmjs.org/@zxing/text-encoding/-/text-encoding-0.9.0.tgz",
            "integrity": "sha512-U/4aVJ2mxI0aDNI8Uq0wEhMgY+u4CNtEb0om3+y3+niDAsoTCOB33UF0sxpzqzdqXLqmvc+vZyAt4O8pPdfkwA==",
            "license": "(Unlicense OR Apache-2.0)",
            "optional": true
        },
        "node_modules/fundamental-styles": {
            "version": "0.41.8",
            "resolved": "https://registry.npmjs.org/fundamental-styles/-/fundamental-styles-0.41.8.tgz",
            "integrity": "sha512-yvzQljYXZqzwVqotXovWP7Qr+Uu7jeFqr3XD3a7iTNP81Z5UdaO7b/762ngCFQLqit/cm3jCEcyR8VPI1hw+tg==",
            "license": "Apache-2.0",
            "peerDependencies": {
                "@fundamental-styles/common-css": "0.41.8",
                "@sap-theming/theming-base-content": "^11.36.0"
            }
        },
        "node_modules/lit-html": {
            "version": "2.8.0",
            "resolved": "https://registry.npmjs.org/lit-html/-/lit-html-2.8.0.tgz",
            "integrity": "sha512-o9t+MQM3P4y7M7yNzqAyjp7z+mQGa4NS4CxiyLqFPyFWyc4O+nodLrkrxSaCTrla6M5YOLaT3RpbbqjszB5g3Q==",
            "license": "BSD-3-Clause",
            "dependencies": {
                "@types/trusted-types": "^2.0.2"
            }
        },
        "node_modules/ts-custom-error": {
            "version": "3.3.1",
            "resolved": "https://registry.npmjs.org/ts-custom-error/-/ts-custom-error-3.3.1.tgz",
            "integrity": "sha512-5OX1tzOjxWEgsr/YEUWSuPrQ00deKLh6D7OTWcvNHm12/7QPyRh8SYpyWvA4IZv8H/+GQWQEh/kwo95Q9OVW1A==",
            "license": "MIT",
            "engines": {
                "node": ">=14.0.0"
            }
        }
    }
}
